
Microsoft Visual Studio Solution File, Format Version 12.00
# Visual Studio 15
VisualStudioVersion = 15.0.28307.1525
MinimumVisualStudioVersion = 10.0.40219.1
Project("{FAE04EC0-301F-11D3-BF4B-00C04F79EFBC}") = "GdlCms.Web", "GdlCms.Web\GdlCms.Web.csproj", "{5152238F-D986-400A-A431-38B59BE1F788}"
EndProject
Global
	GlobalSection(SolutionConfigurationPlatforms) = preSolution
		Debug|Any CPU = Debug|Any CPU
		Release|Any CPU = Release|Any CPU
	EndGlobalSection
	GlobalSection(ProjectConfigurationPlatforms) = postSolution
		{5152238F-D986-400A-A431-38B59BE1F788}.Debug|Any CPU.ActiveCfg = Debug|Any CPU
		{5152238F-D986-400A-A431-38B59BE1F788}.Debug|Any CPU.Build.0 = Debug|Any CPU
		{5152238F-D986-400A-A431-38B59BE1F788}.Release|Any CPU.ActiveCfg = Release|Any CPU
		{5152238F-D986-400A-A431-38B59BE1F788}.Release|Any CPU.Build.0 = Release|Any CPU
	EndGlobalSection
	GlobalSection(SolutionProperties) = preSolution
		HideSolutionNode = FALSE
	EndGlobalSection
	GlobalSection(ExtensibilityGlobals) = postSolution
		SolutionGuid = {2C803541-FA76-4107-B2A7-3FE1ECA45CE4}
	EndGlobalSection
EndGlobal
